<?xml version="1.0" encoding="utf-8"?>
<Project ToolsVersion="4.0" xmlns="http://schemas.microsoft.com/developer/msbuild/2003">
  <ItemGroup>
    <Filter Include="Main">
      <UniqueIdentifier>{de739869-874b-4540-9747-a840de550cb5}</UniqueIdentifier>
    </Filter>
    <Filter Include="Protocol">
      <UniqueIdentifier>{f8708bf6-5dc4-4e39-a755-904bb98f2de2}</UniqueIdentifier>
    </Filter>
    <Filter Include="Utils">
      <UniqueIdentifier>{746b244a-1c65-4aa4-9052-81a3a5cc9861}</UniqueIdentifier>
    </Filter>
    <Filter Include="GameContents">
      <UniqueIdentifier>{5a0b252b-a8e4-45e9-a5ae-01648ddd3b87}</UniqueIdentifier>
    </Filter>
  </ItemGroup>
  <ItemGroup>
    <ClInclude Include="pch.h">
      <Filter>Utils</Filter>
    </ClInclude>
    <ClInclude Include="MapData.h">
      <Filter>GameContents</Filter>
    </ClInclude>
    <ClInclude Include="SFSystem.h">
      <Filter>GameContents</Filter>
    </ClInclude>
    <ClInclude Include="Tile.h">
      <Filter>GameContents</Filter>
    </ClInclude>
    <ClInclude Include="Client.h">
      <Filter>GameContents</Filter>
    </ClInclude>
    <ClInclude Include="Player.h">
      <Filter>GameContents</Filter>
    </ClInclude>
    <ClInclude Include="ServerPacketHandler.h">
      <Filter>Main</Filter>
    </ClInclude>
    <ClInclude Include="Enum.pb.h">
      <Filter>Protocol</Filter>
    </ClInclude>
    <ClInclude Include="Protocol.pb.h">
      <Filter>Protocol</Filter>
    </ClInclude>
    <ClInclude Include="Struct.pb.h">
      <Filter>Protocol</Filter>
    </ClInclude>
    <ClInclude Include="ServerSession.h">
      <Filter>Main</Filter>
    </ClInclude>
  </ItemGroup>
  <ItemGroup>
    <ClCompile Include="pch.cpp">
      <Filter>Utils</Filter>
    </ClCompile>
    <ClCompile Include="ClientMain.cpp">
      <Filter>Main</Filter>
    </ClCompile>
    <ClCompile Include="MapData.cpp">
      <Filter>GameContents</Filter>
    </ClCompile>
    <ClCompile Include="SFSystem.cpp">
      <Filter>GameContents</Filter>
    </ClCompile>
    <ClCompile Include="Tile.cpp">
      <Filter>GameContents</Filter>
    </ClCompile>
    <ClCompile Include="Client.cpp">
      <Filter>GameContents</Filter>
    </ClCompile>
    <ClCompile Include="Player.cpp">
      <Filter>GameContents</Filter>
    </ClCompile>
    <ClCompile Include="ServerPacketHandler.cpp">
      <Filter>Main</Filter>
    </ClCompile>
    <ClCompile Include="Enum.pb.cc">
      <Filter>Protocol</Filter>
    </ClCompile>
    <ClCompile Include="Protocol.pb.cc">
      <Filter>Protocol</Filter>
    </ClCompile>
    <ClCompile Include="Struct.pb.cc">
      <Filter>Protocol</Filter>
    </ClCompile>
    <ClCompile Include="ServerSession.cpp">
      <Filter>Main</Filter>
    </ClCompile>
  </ItemGroup>
  <ItemGroup>
    <None Include="..\Common\proto\bin\GenPackets.bat">
      <Filter>Protocol</Filter>
    </None>
    <None Include="..\Common\proto\bin\Protocol.proto">
      <Filter>Protocol</Filter>
    </None>
    <None Include="..\Common\proto\bin\Struct.proto">
      <Filter>Protocol</Filter>
    </None>
    <None Include="..\Common\proto\bin\Enum.proto">
      <Filter>Protocol</Filter>
    </None>
  </ItemGroup>
</Project>