<?xml version="1.0" encoding="utf-8"?>
<Project ToolsVersion="4.0" xmlns="http://schemas.microsoft.com/developer/msbuild/2003">
  <ItemGroup>
    <Filter Include="DB">
      <UniqueIdentifier>{5e88b23d-7604-487d-9f8b-1c0156ec8223}</UniqueIdentifier>
    </Filter>
    <Filter Include="GameContents">
      <UniqueIdentifier>{cfc80ea6-3121-41c8-85f3-360b99d48f7f}</UniqueIdentifier>
    </Filter>
    <Filter Include="Main">
      <UniqueIdentifier>{99def78e-9056-439e-93e2-988259877304}</UniqueIdentifier>
    </Filter>
    <Filter Include="Protocol">
      <UniqueIdentifier>{d8b5dc67-00ac-4ef9-a9f9-786c8325ade5}</UniqueIdentifier>
    </Filter>
    <Filter Include="Utils">
      <UniqueIdentifier>{b7c44bab-67e1-4034-893b-2ff2153ef23b}</UniqueIdentifier>
    </Filter>
    <Filter Include="Lua">
      <UniqueIdentifier>{30db707f-a41c-493b-9e36-ae9e8ccf0b60}</UniqueIdentifier>
    </Filter>
  </ItemGroup>
  <ItemGroup>
    <ClInclude Include="pch.h">
      <Filter>Utils</Filter>
    </ClInclude>
    <ClInclude Include="include\lauxlib.h">
      <Filter>Lua</Filter>
    </ClInclude>
    <ClInclude Include="include\lua.h">
      <Filter>Lua</Filter>
    </ClInclude>
    <ClInclude Include="include\lua.hpp">
      <Filter>Lua</Filter>
    </ClInclude>
    <ClInclude Include="include\luaconf.h">
      <Filter>Lua</Filter>
    </ClInclude>
    <ClInclude Include="include\lualib.h">
      <Filter>Lua</Filter>
    </ClInclude>
    <ClInclude Include="DataBase.h">
      <Filter>DB</Filter>
    </ClInclude>
    <ClInclude Include="MapData.h">
      <Filter>GameContents</Filter>
    </ClInclude>
    <ClInclude Include="utils.h">
      <Filter>Utils</Filter>
    </ClInclude>
    <ClInclude Include="ClientPacketHandler.h">
      <Filter>Main</Filter>
    </ClInclude>
    <ClInclude Include="Struct.pb.h">
      <Filter>Protocol</Filter>
    </ClInclude>
    <ClInclude Include="Enum.pb.h">
      <Filter>Protocol</Filter>
    </ClInclude>
    <ClInclude Include="Protocol.pb.h">
      <Filter>Protocol</Filter>
    </ClInclude>
    <ClInclude Include="GameSession.h">
      <Filter>Main</Filter>
    </ClInclude>
    <ClInclude Include="GameSessionManager.h">
      <Filter>Main</Filter>
    </ClInclude>
    <ClInclude Include="Player.h">
      <Filter>GameContents</Filter>
    </ClInclude>
    <ClInclude Include="Room.h">
      <Filter>GameContents</Filter>
    </ClInclude>
    <ClInclude Include="RoomManager.h">
      <Filter>GameContents</Filter>
    </ClInclude>
    <ClInclude Include="RedisManager.h">
      <Filter>DB</Filter>
    </ClInclude>
  </ItemGroup>
  <ItemGroup>
    <ClCompile Include="pch.cpp">
      <Filter>Utils</Filter>
    </ClCompile>
    <ClCompile Include="ServerMain.cpp">
      <Filter>Main</Filter>
    </ClCompile>
    <ClCompile Include="DataBase.cpp">
      <Filter>DB</Filter>
    </ClCompile>
    <ClCompile Include="MapData.cpp">
      <Filter>GameContents</Filter>
    </ClCompile>
    <ClCompile Include="ClientPacketHandler.cpp">
      <Filter>Main</Filter>
    </ClCompile>
    <ClCompile Include="Enum.pb.cc">
      <Filter>Protocol</Filter>
    </ClCompile>
    <ClCompile Include="Protocol.pb.cc">
      <Filter>Protocol</Filter>
    </ClCompile>
    <ClCompile Include="Struct.pb.cc">
      <Filter>Protocol</Filter>
    </ClCompile>
    <ClCompile Include="GameSession.cpp">
      <Filter>Main</Filter>
    </ClCompile>
    <ClCompile Include="GameSessionManager.cpp">
      <Filter>Main</Filter>
    </ClCompile>
    <ClCompile Include="Player.cpp">
      <Filter>GameContents</Filter>
    </ClCompile>
    <ClCompile Include="Room.cpp">
      <Filter>GameContents</Filter>
    </ClCompile>
    <ClCompile Include="RoomManager.cpp">
      <Filter>GameContents</Filter>
    </ClCompile>
    <ClCompile Include="RedisManager.cpp">
      <Filter>DB</Filter>
    </ClCompile>
  </ItemGroup>
  <ItemGroup>
    <None Include="Struct.proto">
      <Filter>Protocol</Filter>
    </None>
    <None Include="Enum.proto">
      <Filter>Protocol</Filter>
    </None>
    <None Include="Protocol.proto">
      <Filter>Protocol</Filter>
    </None>
    <None Include="..\Common\proto\bin\GenPackets.bat">
      <Filter>Protocol</Filter>
    </None>
  </ItemGroup>
</Project>